// !$*UTF8*$!
{
	archiveVersion = 1;
	classes = {
	};
	objectVersion = 77;
	objects = {

/* Begin PBXBuildFile section */
		94D775D72CFD5A5100577838 /* README.md in Resources */ = {isa = PBXBuildFile; fileRef = 94D775D62CFD5A5100577838 /* README.md */; };
/* End PBXBuildFile section */

/* Begin PBXContainerItemProxy section */
		94D775AB2CF2C0AA00577838 /* PBXContainerItemProxy */ = {
			isa = PBXContainerItemProxy;
			containerPortal = 94D775922CF2C0AA00577838 /* Project object */;
			proxyType = 1;
			remoteGlobalIDString = 94D775992CF2C0AA00577838;
			remoteInfo = EdutainmentApp3;
		};
		94D775B52CF2C0AB00577838 /* PBXContainerItemProxy */ = {
			isa = PBXContainerItemProxy;
			containerPortal = 94D775922CF2C0AA00577838 /* Project object */;
			proxyType = 1;
			remoteGlobalIDString = 94D775992CF2C0AA00577838;
			remoteInfo = EdutainmentApp3;
		};
/* End PBXContainerItemProxy section */

/* Begin PBXFileReference section */
		94D7759A2CF2C0AA00577838 /* EdutainmentApp3.app */ = {isa = PBXFileReference; explicitFileType = wrapper.application; includeInIndex = 0; path = EdutainmentApp3.app; sourceTree = BUILT_PRODUCTS_DIR; };
		94D775AA2CF2C0AA00577838 /* EdutainmentApp3Tests.xctest */ = {isa = PBXFileReference; explicitFileType = wrapper.cfbundle; includeInIndex = 0; path = EdutainmentApp3Tests.xctest; sourceTree = BUILT_PRODUCTS_DIR; };
		94D775B42CF2C0AB00577838 /* EdutainmentApp3UITests.xctest */ = {isa = PBXFileReference; explicitFileType = wrapper.cfbundle; includeInIndex = 0; path = EdutainmentApp3UITests.xctest; sourceTree = BUILT_PRODUCTS_DIR; };
		94D775D62CFD5A5100577838 /* README.md */ = {isa = PBXFileReference; lastKnownFileType = net.daringfireball.markdown; path = README.md; sourceTree = "<group>"; };
/* End PBXFileReference section */

/* Begin PBXFileSystemSynchronizedRootGroup section */
		94D7759C2CF2C0AA00577838 /* EdutainmentApp3 */ = {
			isa = PBXFileSystemSynchronizedRootGroup;
			path = EdutainmentApp3;
			sourceTree = "<group>";
		};
		94D775AD2CF2C0AA00577838 /* EdutainmentApp3Tests */ = {
			isa = PBXFileSystemSynchronizedRootGroup;
			path = EdutainmentApp3Tests;
			sourceTree = "<group>";
		};
		94D775B72CF2C0AB00577838 /* EdutainmentApp3UITests */ = {
			isa = PBXFileSystemSynchronizedRootGroup;
			path = EdutainmentApp3UITests;
			sourceTree = "<group>";
		};
/* End PBXFileSystemSynchronizedRootGroup section */

/* Begin PBXFrameworksBuildPhase section */
		94D775972CF2C0AA00577838 /* Frameworks */ = {
			isa = PBXFrameworksBuildPhase;
			buildActionMask = 2147483647;
			files = (
			);
			runOnlyForDeploymentPostprocessing = 0;
		};
		94D775A72CF2C0AA00577838 /* Frameworks */ = {
			isa = PBXFrameworksBuildPhase;
			buildActionMask = 2147483647;
			files = (
			);
			runOnlyForDeploymentPostprocessing = 0;
		};
		94D775B12CF2C0AB00577838 /* Frameworks */ = {
			isa = PBXFrameworksBuildPhase;
			buildActionMask = 2147483647;
			files = (
			);
			runOnlyForDeploymentPostprocessing = 0;
		};
/* End PBXFrameworksBuildPhase section */

/* Begin PBXGroup section */
		94D775912CF2C0AA00577838 = {
			isa = PBXGroup;
			children = (
				94D7759C2CF2C0AA00577838 /* EdutainmentApp3 */,
				94D775AD2CF2C0AA00577838 /* EdutainmentApp3Tests */,
				94D775B72CF2C0AB00577838 /* EdutainmentApp3UITests */,
				94D7759B2CF2C0AA00577838 /* Products */,
				94D775D62CFD5A5100577838 /* README.md */,
			);
			sourceTree = "<group>";
		};
		94D7759B2CF2C0AA00577838 /* Products */ = {
			isa = PBXGroup;
			children = (
				94D7759A2CF2C0AA00577838 /* EdutainmentApp3.app */,
				94D775AA2CF2C0AA00577838 /* EdutainmentApp3Tests.xctest */,
				94D775B42CF2C0AB00577838 /* EdutainmentApp3UITests.xctest */,
			);
			name = Products;
			sourceTree = "<group>";
		};
/* End PBXGroup section */

/* Begin PBXNativeTarget section */
		94D775992CF2C0AA00577838 /* EdutainmentApp3 */ = {
			isa = PBXNativeTarget;
			buildConfigurationList = 94D775BE2CF2C0AB00577838 /* Build configuration list for PBXNativeTarget "EdutainmentApp3" */;
			buildPhases = (
				94D775962CF2C0AA00577838 /* Sources */,
				94D775972CF2C0AA00577838 /* Frameworks */,
				94D775982CF2C0AA00577838 /* Resources */,
			);
			buildRules = (
			);
			dependencies = (
			);
			fileSystemSynchronizedGroups = (
				94D7759C2CF2C0AA00577838 /* EdutainmentApp3 */,
			);
			name = EdutainmentApp3;
			packageProductDependencies = (
			);
			productName = EdutainmentApp3;
			productReference = 94D7759A2CF2C0AA00577838 /* EdutainmentApp3.app */;
			productType = "com.apple.product-type.application";
		};
		94D775A92CF2C0AA00577838 /* EdutainmentApp3Tests */ = {
			isa = PBXNativeTarget;
			buildConfigurationList = 94D775C12CF2C0AB00577838 /* Build configuration list for PBXNativeTarget "EdutainmentApp3Tests" */;
			buildPhases = (
				94D775A62CF2C0AA00577838 /* Sources */,
				94D775A72CF2C0AA00577838 /* Frameworks */,
				94D775A82CF2C0AA00577838 /* Resources */,
			);
			buildRules = (
			);
			dependencies = (
				94D775AC2CF2C0AA00577838 /* PBXTargetDependency */,
			);
			fileSystemSynchronizedGroups = (
				94D775AD2CF2C0AA00577838 /* EdutainmentApp3Tests */,
			);
			name = EdutainmentApp3Tests;
			packageProductDependencies = (
			);
			productName = EdutainmentApp3Tests;
			productReference = 94D775AA2CF2C0AA00577838 /* EdutainmentApp3Tests.xctest */;
			productType = "com.apple.product-type.bundle.unit-test";
		};
		94D775B32CF2C0AB00577838 /* EdutainmentApp3UITests */ = {
			isa = PBXNativeTarget;
			buildConfigurationList = 94D775C42CF2C0AB00577838 /* Build configuration list for PBXNativeTarget "EdutainmentApp3UITests" */;
			buildPhases = (
				94D775B02CF2C0AB00577838 /* Sources */,
				94D775B12CF2C0AB00577838 /* Frameworks */,
				94D775B22CF2C0AB00577838 /* Resources */,
			);
			buildRules = (
			);
			dependencies = (
				94D775B62CF2C0AB00577838 /* PBXTargetDependency */,
			);
			fileSystemSynchronizedGroups = (
				94D775B72CF2C0AB00577838 /* EdutainmentApp3UITests */,
			);
			name = EdutainmentApp3UITests;
			packageProductDependencies = (
			);
			productName = EdutainmentApp3UITests;
			productReference = 94D775B42CF2C0AB00577838 /* EdutainmentApp3UITests.xctest */;
			productType = "com.apple.product-type.bundle.ui-testing";
		};
/* End PBXNativeTarget section */

/* Begin PBXProject section */
		94D775922CF2C0AA00577838 /* Project object */ = {
			isa = PBXProject;
			attributes = {
				BuildIndependentTargetsInParallel = 1;
				LastSwiftUpdateCheck = 1610;
				LastUpgradeCheck = 1610;
				TargetAttributes = {
					94D775992CF2C0AA00577838 = {
						CreatedOnToolsVersion = 16.1;
					};
					94D775A92CF2C0AA00577838 = {
						CreatedOnToolsVersion = 16.1;
						TestTargetID = 94D775992CF2C0AA00577838;
					};
					94D775B32CF2C0AB00577838 = {
						CreatedOnToolsVersion = 16.1;
						TestTargetID = 94D775992CF2C0AA00577838;
					};
				};
			};
			buildConfigurationList = 94D775952CF2C0AA00577838 /* Build configuration list for PBXProject "EdutainmentApp3" */;
			developmentRegion = en;
			hasScannedForEncodings = 0;
			knownRegions = (
				en,
				Base,
			);
			mainGroup = 94D775912CF2C0AA00577838;
			minimizedProjectReferenceProxies = 1;
			preferredProjectObjectVersion = 77;
			productRefGroup = 94D7759B2CF2C0AA00577838 /* Products */;
			projectDirPath = "";
			projectRoot = "";
			targets = (
				94D775992CF2C0AA00577838 /* EdutainmentApp3 */,
				94D775A92CF2C0AA00577838 /* EdutainmentApp3Tests */,
				94D775B32CF2C0AB00577838 /* EdutainmentApp3UITests */,
			);
		};
/* End PBXProject section */

/* Begin PBXResourcesBuildPhase section */
		94D775982CF2C0AA00577838 /* Resources */ = {
			isa = PBXResourcesBuildPhase;
			buildActionMask = 2147483647;
			files = (
				94D775D72CFD5A5100577838 /* README.md in Resources */,
			);
			runOnlyForDeploymentPostprocessing = 0;
		};
		94D775A82CF2C0AA00577838 /* Resources */ = {
			isa = PBXResourcesBuildPhase;
			buildActionMask = 2147483647;
			files = (
			);
			runOnlyForDeploymentPostprocessing = 0;
		};
		94D775B22CF2C0AB00577838 /* Resources */ = {
			isa = PBXResourcesBuildPhase;
			buildActionMask = 2147483647;
			files = (
			);
			runOnlyForDeploymentPostprocessing = 0;
		};
/* End PBXResourcesBuildPhase section */

/* Begin PBXSourcesBuildPhase section */
		94D775962CF2C0AA00577838 /* Sources */ = {
			isa = PBXSourcesBuildPhase;
			buildActionMask = 2147483647;
			files = (
			);
			runOnlyForDeploymentPostprocessing = 0;
		};
		94D775A62CF2C0AA00577838 /* Sources */ = {
			isa = PBXSourcesBuildPhase;
			buildActionMask = 2147483647;
			files = (
			);
			runOnlyForDeploymentPostprocessing = 0;
		};
		94D775B02CF2C0AB00577838 /* Sources */ = {
			isa = PBXSourcesBuildPhase;
			buildActionMask = 2147483647;
			files = (
			);
			runOnlyForDeploymentPostprocessing = 0;
		};
/* End PBXSourcesBuildPhase section */

/* Begin PBXTargetDependency section */
		94D775AC2CF2C0AA00577838 /* PBXTargetDependency */ = {
			isa = PBXTargetDependency;
			target = 94D775992CF2C0AA00577838 /* EdutainmentApp3 */;
			targetProxy = 94D775AB2CF2C0AA00577838 /* PBXContainerItemProxy */;
		};
		94D775B62CF2C0AB00577838 /* PBXTargetDependency */ = {
			isa = PBXTargetDependency;
			target = 94D775992CF2C0AA00577838 /* EdutainmentApp3 */;
			targetProxy = 94D775B52CF2C0AB00577838 /* PBXContainerItemProxy */;
		};
/* End PBXTargetDependency section */

/* Begin XCBuildConfiguration section */
		94D775BC2CF2C0AB00577838 /* Debug */ = {
			isa = XCBuildConfiguration;
			buildSettings = {
				ALWAYS_SEARCH_USER_PATHS = NO;
				ASSETCATALOG_COMPILER_GENERATE_SWIFT_ASSET_SYMBOL_EXTENSIONS = YES;
				CLANG_ANALYZER_NONNULL = YES;
				CLANG_ANALYZER_NUMBER_OBJECT_CONVERSION = YES_AGGRESSIVE;
				CLANG_CXX_LANGUAGE_STANDARD = "gnu++20";
				CLANG_ENABLE_MODULES = YES;
				CLANG_ENABLE_OBJC_ARC = YES;
				CLANG_ENABLE_OBJC_WEAK = YES;
				CLANG_WARN_BLOCK_CAPTURE_AUTORELEASING = YES;
				CLANG_WARN_BOOL_CONVERSION = YES;
				CLANG_WARN_COMMA = YES;
				CLANG_WARN_CONSTANT_CONVERSION = YES;
				CLANG_WARN_DEPRECATED_OBJC_IMPLEMENTATIONS = YES;
				CLANG_WARN_DIRECT_OBJC_ISA_USAGE = YES_ERROR;
				CLANG_WARN_DOCUMENTATION_COMMENTS = YES;
				CLANG_WARN_EMPTY_BODY = YES;
				CLANG_WARN_ENUM_CONVERSION = YES;
				CLANG_WARN_INFINITE_RECURSION = YES;
				CLANG_WARN_INT_CONVERSION = YES;
				CLANG_WARN_NON_LITERAL_NULL_CONVERSION = YES;
				CLANG_WARN_OBJC_IMPLICIT_RETAIN_SELF = YES;
				CLANG_WARN_OBJC_LITERAL_CONVERSION = YES;
				CLANG_WARN_OBJC_ROOT_CLASS = YES_ERROR;
				CLANG_WARN_QUOTED_INCLUDE_IN_FRAMEWORK_HEADER = YES;
				CLANG_WARN_RANGE_LOOP_ANALYSIS = YES;
				CLANG_WARN_STRICT_PROTOTYPES = YES;
				CLANG_WARN_SUSPICIOUS_MOVE = YES;
				CLANG_WARN_UNGUARDED_AVAILABILITY = YES_AGGRESSIVE;
				CLANG_WARN_UNREACHABLE_CODE = YES;
				CLANG_WARN__DUPLICATE_METHOD_MATCH = YES;
				COPY_PHASE_STRIP = NO;
				DEBUG_INFORMATION_FORMAT = dwarf;
				ENABLE_STRICT_OBJC_MSGSEND = YES;
				ENABLE_TESTABILITY = YES;
				ENABLE_USER_SCRIPT_SANDBOXING = YES;
				GCC_C_LANGUAGE_STANDARD = gnu17;
				GCC_DYNAMIC_NO_PIC = NO;
				GCC_NO_COMMON_BLOCKS = YES;
				GCC_OPTIMIZATION_LEVEL = 0;
				GCC_PREPROCESSOR_DEFINITIONS = (
					"DEBUG=1",
					"$(inherited)",
				);
				GCC_WARN_64_TO_32_BIT_CONVERSION = YES;
				GCC_WARN_ABOUT_RETURN_TYPE = YES_ERROR;
				GCC_WARN_UNDECLARED_SELECTOR = YES;
				GCC_WARN_UNINITIALIZED_AUTOS = YES_AGGRESSIVE;
				GCC_WARN_UNUSED_FUNCTION = YES;
				GCC_WARN_UNUSED_VARIABLE = YES;
				IPHONEOS_DEPLOYMENT_TARGET = 18.1;
				LOCALIZATION_PREFERS_STRING_CATALOGS = YES;
				MTL_ENABLE_DEBUG_INFO = INCLUDE_SOURCE;
				MTL_FAST_MATH = YES;
				ONLY_ACTIVE_ARCH = YES;
				SDKROOT = iphoneos;
				SWIFT_ACTIVE_COMPILATION_CONDITIONS = "DEBUG $(inherited)";
				SWIFT_OPTIMIZATION_LEVEL = "-Onone";
			};
			name = Debug;
		};
		94D775BD2CF2C0AB00577838 /* Release */ = {
			isa = XCBuildConfiguration;
			buildSettings = {
				ALWAYS_SEARCH_USER_PATHS = NO;
				ASSETCATALOG_COMPILER_GENERATE_SWIFT_ASSET_SYMBOL_EXTENSIONS = YES;
				CLANG_ANALYZER_NONNULL = YES;
				CLANG_ANALYZER_NUMBER_OBJECT_CONVERSION = YES_AGGRESSIVE;
				CLANG_CXX_LANGUAGE_STANDARD = "gnu++20";
				CLANG_ENABLE_MODULES = YES;
				CLANG_ENABLE_OBJC_ARC = YES;
				CLANG_ENABLE_OBJC_WEAK = YES;
				CLANG_WARN_BLOCK_CAPTURE_AUTORELEASING = YES;
				CLANG_WARN_BOOL_CONVERSION = YES;
				CLANG_WARN_COMMA = YES;
				CLANG_WARN_CONSTANT_CONVERSION = YES;
				CLANG_WARN_DEPRECATED_OBJC_IMPLEMENTATIONS = YES;
				CLANG_WARN_DIRECT_OBJC_ISA_USAGE = YES_ERROR;
				CLANG_WARN_DOCUMENTATION_COMMENTS = YES;
				CLANG_WARN_EMPTY_BODY = YES;
				CLANG_WARN_ENUM_CONVERSION = YES;
				CLANG_WARN_INFINITE_RECURSION = YES;
				CLANG_WARN_INT_CONVERSION = YES;
				CLANG_WARN_NON_LITERAL_NULL_CONVERSION = YES;
				CLANG_WARN_OBJC_IMPLICIT_RETAIN_SELF = YES;
				CLANG_WARN_OBJC_LITERAL_CONVERSION = YES;
				CLANG_WARN_OBJC_ROOT_CLASS = YES_ERROR;
				CLANG_WARN_QUOTED_INCLUDE_IN_FRAMEWORK_HEADER = YES;
				CLANG_WARN_RANGE_LOOP_ANALYSIS = YES;
				CLANG_WARN_STRICT_PROTOTYPES = YES;
				CLANG_WARN_SUSPICIOUS_MOVE = YES;
				CLANG_WARN_UNGUARDED_AVAILABILITY = YES_AGGRESSIVE;
				CLANG_WARN_UNREACHABLE_CODE = YES;
				CLANG_WARN__DUPLICATE_METHOD_MATCH = YES;
				COPY_PHASE_STRIP = NO;
				DEBUG_INFORMATION_FORMAT = "dwarf-with-dsym";
				ENABLE_NS_ASSERTIONS = NO;
				ENABLE_STRICT_OBJC_MSGSEND = YES;
				ENABLE_USER_SCRIPT_SANDBOXING = YES;
				GCC_C_LANGUAGE_STANDARD = gnu17;
				GCC_NO_COMMON_BLOCKS = YES;
				GCC_WARN_64_TO_32_BIT_CONVERSION = YES;
				GCC_WARN_ABOUT_RETURN_TYPE = YES_ERROR;
				GCC_WARN_UNDECLARED_SELECTOR = YES;
				GCC_WARN_UNINITIALIZED_AUTOS = YES_AGGRESSIVE;
				GCC_WARN_UNUSED_FUNCTION = YES;
				GCC_WARN_UNUSED_VARIABLE = YES;
				IPHONEOS_DEPLOYMENT_TARGET = 18.1;
				LOCALIZATION_PREFERS_STRING_CATALOGS = YES;
				MTL_ENABLE_DEBUG_INFO = NO;
				MTL_FAST_MATH = YES;
				SDKROOT = iphoneos;
				SWIFT_COMPILATION_MODE = wholemodule;
				VALIDATE_PRODUCT = YES;
			};
			name = Release;
		};
		94D775BF2CF2C0AB00577838 /* Debug */ = {
			isa = XCBuildConfiguration;
			buildSettings = {
				ASSETCATALOG_COMPILER_APPICON_NAME = AppIcon;
				ASSETCATALOG_COMPILER_GLOBAL_ACCENT_COLOR_NAME = AccentColor;
				CODE_SIGN_STYLE = Automatic;
				CURRENT_PROJECT_VERSION = 1;
				DEVELOPMENT_ASSET_PATHS = "\"EdutainmentApp3/Preview Content\"";
				ENABLE_PREVIEWS = YES;
				GENERATE_INFOPLIST_FILE = YES;
				INFOPLIST_KEY_UIApplicationSceneManifest_Generation = YES;
				INFOPLIST_KEY_UIApplicationSupportsIndirectInputEvents = YES;
				INFOPLIST_KEY_UILaunchScreen_Generation = YES;
				INFOPLIST_KEY_UISupportedInterfaceOrientations_iPad = "UIInterfaceOrientationPortrait UIInterfaceOrientationPortraitUpsideDown UIInterfaceOrientationLandscapeLeft UIInterfaceOrientationLandscapeRight";
				INFOPLIST_KEY_UISupportedInterfaceOrientations_iPhone = "UIInterfaceOrientationPortrait UIInterfaceOrientationLandscapeLeft UIInterfaceOrientationLandscapeRight";
				LD_RUNPATH_SEARCH_PATHS = (
					"$(inherited)",
					"@executable_path/Frameworks",
				);
				MARKETING_VERSION = 1.0;
				PRODUCT_BUNDLE_IDENTIFIER = lin.EdutainmentApp3;
				PRODUCT_NAME = "$(TARGET_NAME)";
				SWIFT_EMIT_LOC_STRINGS = YES;
				SWIFT_VERSION = 5.0;
				TARGETED_DEVICE_FAMILY = "1,2";
			};
			name = Debug;
		};
		94D775C02CF2C0AB00577838 /* Release */ = {
			isa = XCBuildConfiguration;
			buildSettings = {
				ASSETCATALOG_COMPILER_APPICON_NAME = AppIcon;
				ASSETCATALOG_COMPILER_GLOBAL_ACCENT_COLOR_NAME = AccentColor;
				CODE_SIGN_STYLE = Automatic;
				CURRENT_PROJECT_VERSION = 1;
				DEVELOPMENT_ASSET_PATHS = "\"EdutainmentApp3/Preview Content\"";
				ENABLE_PREVIEWS = YES;
				GENERATE_INFOPLIST_FILE = YES;
				INFOPLIST_KEY_UIApplicationSceneManifest_Generation = YES;
				INFOPLIST_KEY_UIApplicationSupportsIndirectInputEvents = YES;
				INFOPLIST_KEY_UILaunchScreen_Generation = YES;
				INFOPLIST_KEY_UISupportedInterfaceOrientations_iPad = "UIInterfaceOrientationPortrait UIInterfaceOrientationPortraitUpsideDown UIInterfaceOrientationLandscapeLeft UIInterfaceOrientationLandscapeRight";
				INFOPLIST_KEY_UISupportedInterfaceOrientations_iPhone = "UIInterfaceOrientationPortrait UIInterfaceOrientationLandscapeLeft UIInterfaceOrientationLandscapeRight";
				LD_RUNPATH_SEARCH_PATHS = (
					"$(inherited)",
					"@executable_path/Frameworks",
				);
				MARKETING_VERSION = 1.0;
				PRODUCT_BUNDLE_IDENTIFIER = lin.EdutainmentApp3;
				PRODUCT_NAME = "$(TARGET_NAME)";
				SWIFT_EMIT_LOC_STRINGS = YES;
				SWIFT_VERSION = 5.0;
				TARGETED_DEVICE_FAMILY = "1,2";
			};
			name = Release;
		};
		94D775C22CF2C0AB00577838 /* Debug */ = {
			isa = XCBuildConfiguration;
			buildSettings = {
				BUNDLE_LOADER = "$(TEST_HOST)";
				CODE_SIGN_STYLE = Automatic;
				CURRENT_PROJECT_VERSION = 1;
				GENERATE_INFOPLIST_FILE = YES;
				IPHONEOS_DEPLOYMENT_TARGET = 18.1;
				MARKETING_VERSION = 1.0;
				PRODUCT_BUNDLE_IDENTIFIER = lin.EdutainmentApp3Tests;
				PRODUCT_NAME = "$(TARGET_NAME)";
				SWIFT_EMIT_LOC_STRINGS = NO;
				SWIFT_VERSION = 5.0;
				TARGETED_DEVICE_FAMILY = "1,2";
				TEST_HOST = "$(BUILT_PRODUCTS_DIR)/EdutainmentApp3.app/$(BUNDLE_EXECUTABLE_FOLDER_PATH)/EdutainmentApp3";
			};
			name = Debug;
		};
		94D775C32CF2C0AB00577838 /* Release */ = {
			isa = XCBuildConfiguration;
			buildSettings = {
				BUNDLE_LOADER = "$(TEST_HOST)";
				CODE_SIGN_STYLE = Automatic;
				CURRENT_PROJECT_VERSION = 1;
				GENERATE_INFOPLIST_FILE = YES;
				IPHONEOS_DEPLOYMENT_TARGET = 18.1;
				MARKETING_VERSION = 1.0;
				PRODUCT_BUNDLE_IDENTIFIER = lin.EdutainmentApp3Tests;
				PRODUCT_NAME = "$(TARGET_NAME)";
				SWIFT_EMIT_LOC_STRINGS = NO;
				SWIFT_VERSION = 5.0;
				TARGETED_DEVICE_FAMILY = "1,2";
				TEST_HOST = "$(BUILT_PRODUCTS_DIR)/EdutainmentApp3.app/$(BUNDLE_EXECUTABLE_FOLDER_PATH)/EdutainmentApp3";
			};
			name = Release;
		};
		94D775C52CF2C0AB00577838 /* Debug */ = {
			isa = XCBuildConfiguration;
			buildSettings = {
				CODE_SIGN_STYLE = Automatic;
				CURRENT_PROJECT_VERSION = 1;
				GENERATE_INFOPLIST_FILE = YES;
				MARKETING_VERSION = 1.0;
				PRODUCT_BUNDLE_IDENTIFIER = lin.EdutainmentApp3UITests;
				PRODUCT_NAME = "$(TARGET_NAME)";
				SWIFT_EMIT_LOC_STRINGS = NO;
				SWIFT_VERSION = 5.0;
				TARGETED_DEVICE_FAMILY = "1,2";
				TEST_TARGET_NAME = EdutainmentApp3;
			};
			name = Debug;
		};
		94D775C62CF2C0AB00577838 /* Release */ = {
			isa = XCBuildConfiguration;
			buildSettings = {
				CODE_SIGN_STYLE = Automatic;
				CURRENT_PROJECT_VERSION = 1;
				GENERATE_INFOPLIST_FILE = YES;
				MARKETING_VERSION = 1.0;
				PRODUCT_BUNDLE_IDENTIFIER = lin.EdutainmentApp3UITests;
				PRODUCT_NAME = "$(TARGET_NAME)";
				SWIFT_EMIT_LOC_STRINGS = NO;
				SWIFT_VERSION = 5.0;
				TARGETED_DEVICE_FAMILY = "1,2";
				TEST_TARGET_NAME = EdutainmentApp3;
			};
			name = Release;
		};
/* End XCBuildConfiguration section */

/* Begin XCConfigurationList section */
		94D775952CF2C0AA00577838 /* Build configuration list for PBXProject "EdutainmentApp3" */ = {
			isa = XCConfigurationList;
			buildConfigurations = (
				94D775BC2CF2C0AB00577838 /* Debug */,
				94D775BD2CF2C0AB00577838 /* Release */,
			);
			defaultConfigurationIsVisible = 0;
			defaultConfigurationName = Release;
		};
		94D775BE2CF2C0AB00577838 /* Build configuration list for PBXNativeTarget "EdutainmentApp3" */ = {
			isa = XCConfigurationList;
			buildConfigurations = (
				94D775BF2CF2C0AB00577838 /* Debug */,
				94D775C02CF2C0AB00577838 /* Release */,
			);
			defaultConfigurationIsVisible = 0;
			defaultConfigurationName = Release;
		};
		94D775C12CF2C0AB00577838 /* Build configuration list for PBXNativeTarget "EdutainmentApp3Tests" */ = {
			isa = XCConfigurationList;
			buildConfigurations = (
				94D775C22CF2C0AB00577838 /* Debug */,
				94D775C32CF2C0AB00577838 /* Release */,
			);
			defaultConfigurationIsVisible = 0;
			defaultConfigurationName = Release;
		};
		94D775C42CF2C0AB00577838 /* Build configuration list for PBXNativeTarget "EdutainmentApp3UITests" */ = {
			isa = XCConfigurationList;
			buildConfigurations = (
				94D775C52CF2C0AB00577838 /* Debug */,
				94D775C62CF2C0AB00577838 /* Release */,
			);
			defaultConfigurationIsVisible = 0;
			defaultConfigurationName = Release;
		};
/* End XCConfigurationList section */
	};
	rootObject = 94D775922CF2C0AA00577838 /* Project object */;
}
